
Microsoft Visual Studio Solution File, Format Version 12.00
# Visual Studio Version 16
VisualStudioVersion = 16.0.29519.181
MinimumVisualStudioVersion = 10.0.40219.1
Project("{FAE04EC0-301F-11D3-BF4B-00C04F79EFBC}") = "ConfigPersist", "ConfigPersist.csproj", "{DC0DC673-E561-43BE-9AC6-720AE1813972}"
EndProject
Global
	GlobalSection(SolutionConfigurationPlatforms) = preSolution
		Debug|Any CPU = Debug|Any CPU
		Release|Any CPU = Release|Any CPU
	EndGlobalSection
	GlobalSection(ProjectConfigurationPlatforms) = postSolution
		{DC0DC673-E561-43BE-9AC6-720AE1813972}.Debug|Any CPU.ActiveCfg = Debug|Any CPU
		{DC0DC673-E561-43BE-9AC6-720AE1813972}.Debug|Any CPU.Build.0 = Debug|Any CPU
		{DC0DC673-E561-43BE-9AC6-720AE1813972}.Release|Any CPU.ActiveCfg = Release|Any CPU
		{DC0DC673-E561-43BE-9AC6-720AE1813972}.Release|Any CPU.Build.0 = Release|Any CPU
	EndGlobalSection
	GlobalSection(SolutionProperties) = preSolution
		HideSolutionNode = FALSE
	EndGlobalSection
	GlobalSection(ExtensibilityGlobals) = postSolution
		SolutionGuid = {419CDEA5-A3A0-4271-8BAC-867CF2BBE485}
	EndGlobalSection
EndGlobal
